// !$*UTF8*$!
{
	archiveVersion = 1;
	classes = {
	};
	objectVersion = 56;
	objects = {

/* Begin PBXBuildFile section */
		BAD7A9E42C3F7CC600B0B3C0 /* AppDelegate.swift in Sources */ = {isa = PBXBuildFile; fileRef = BAD7A9E32C3F7CC600B0B3C0 /* AppDelegate.swift */; };
		BAD7A9E62C3F7CC600B0B3C0 /* SceneDelegate.swift in Sources */ = {isa = PBXBuildFile; fileRef = BAD7A9E52C3F7CC600B0B3C0 /* SceneDelegate.swift */; };
		BAD7A9E82C3F7CC600B0B3C0 /* ViewController.swift in Sources */ = {isa = PBXBuildFile; fileRef = BAD7A9E72C3F7CC600B0B3C0 /* ViewController.swift */; };
		BAD7A9EB2C3F7CC600B0B3C0 /* Base in Resources */ = {isa = PBXBuildFile; fileRef = BAD7A9EA2C3F7CC600B0B3C0 /* Base */; };
		BAD7A9ED2C3F7CC700B0B3C0 /* Assets.xcassets in Resources */ = {isa = PBXBuildFile; fileRef = BAD7A9EC2C3F7CC700B0B3C0 /* Assets.xcassets */; };
		BAD7A9F02C3F7CC700B0B3C0 /* Base in Resources */ = {isa = PBXBuildFile; fileRef = BAD7A9EF2C3F7CC700B0B3C0 /* Base */; };
		BAD7A9F82C3F800E00B0B3C0 /* ServerClient.swift in Sources */ = {isa = PBXBuildFile; fileRef = BAD7A9F72C3F800E00B0B3C0 /* ServerClient.swift */; };
/* End PBXBuildFile section */

/* Begin PBXFileReference section */
		BAD7A9E02C3F7CC600B0B3C0 /* MemoryLeakDemo.app */ = {isa = PBXFileReference; explicitFileType = wrapper.application; includeInIndex = 0; path = MemoryLeakDemo.app; sourceTree = BUILT_PRODUCTS_DIR; };
		BAD7A9E32C3F7CC600B0B3C0 /* AppDelegate.swift */ = {isa = PBXFileReference; lastKnownFileType = sourcecode.swift; path = AppDelegate.swift; sourceTree = "<group>"; };
		BAD7A9E52C3F7CC600B0B3C0 /* SceneDelegate.swift */ = {isa = PBXFileReference; lastKnownFileType = sourcecode.swift; path = SceneDelegate.swift; sourceTree = "<group>"; };
		BAD7A9E72C3F7CC600B0B3C0 /* ViewController.swift */ = {isa = PBXFileReference; lastKnownFileType = sourcecode.swift; path = ViewController.swift; sourceTree = "<group>"; };
		BAD7A9EA2C3F7CC600B0B3C0 /* Base */ = {isa = PBXFileReference; lastKnownFileType = file.storyboard; name = Base; path = Base.lproj/Main.storyboard; sourceTree = "<group>"; };
		BAD7A9EC2C3F7CC700B0B3C0 /* Assets.xcassets */ = {isa = PBXFileReference; lastKnownFileType = folder.assetcatalog; path = Assets.xcassets; sourceTree = "<group>"; };
		BAD7A9EF2C3F7CC700B0B3C0 /* Base */ = {isa = PBXFileReference; lastKnownFileType = file.storyboard; name = Base; path = Base.lproj/LaunchScreen.storyboard; sourceTree = "<group>"; };
		BAD7A9F12C3F7CC700B0B3C0 /* Info.plist */ = {isa = PBXFileReference; lastKnownFileType = text.plist.xml; path = Info.plist; sourceTree = "<group>"; };
		BAD7A9F72C3F800E00B0B3C0 /* ServerClient.swift */ = {isa = PBXFileReference; lastKnownFileType = sourcecode.swift; path = ServerClient.swift; sourceTree = "<group>"; };
/* End PBXFileReference section */

/* Begin PBXFrameworksBuildPhase section */
		BAD7A9DD2C3F7CC600B0B3C0 /* Frameworks */ = {
			isa = PBXFrameworksBuildPhase;
			buildActionMask = 2147483647;
			files = (
			);
			runOnlyForDeploymentPostprocessing = 0;
		};
/* End PBXFrameworksBuildPhase section */

/* Begin PBXGroup section */
		BAD7A9D72C3F7CC600B0B3C0 = {
			isa = PBXGroup;
			children = (
				BAD7A9E22C3F7CC600B0B3C0 /* MemoryLeakDemo */,
				BAD7A9E12C3F7CC600B0B3C0 /* Products */,
			);
			sourceTree = "<group>";
		};
		BAD7A9E12C3F7CC600B0B3C0 /* Products */ = {
			isa = PBXGroup;
			children = (
				BAD7A9E02C3F7CC600B0B3C0 /* MemoryLeakDemo.app */,
			);
			name = Products;
			sourceTree = "<group>";
		};
		BAD7A9E22C3F7CC600B0B3C0 /* MemoryLeakDemo */ = {
			isa = PBXGroup;
			children = (
				BAD7A9E32C3F7CC600B0B3C0 /* AppDelegate.swift */,
				BAD7A9E52C3F7CC600B0B3C0 /* SceneDelegate.swift */,
				BAD7A9E72C3F7CC600B0B3C0 /* ViewController.swift */,
				BAD7A9E92C3F7CC600B0B3C0 /* Main.storyboard */,
				BAD7A9EC2C3F7CC700B0B3C0 /* Assets.xcassets */,
				BAD7A9EE2C3F7CC700B0B3C0 /* LaunchScreen.storyboard */,
				BAD7A9F12C3F7CC700B0B3C0 /* Info.plist */,
				BAD7A9F72C3F800E00B0B3C0 /* ServerClient.swift */,
			);
			path = MemoryLeakDemo;
			sourceTree = "<group>";
		};
/* End PBXGroup section */

/* Begin PBXNativeTarget section */
		BAD7A9DF2C3F7CC600B0B3C0 /* MemoryLeakDemo */ = {
			isa = PBXNativeTarget;
			buildConfigurationList = BAD7A9F42C3F7CC700B0B3C0 /* Build configuration list for PBXNativeTarget "MemoryLeakDemo" */;
			buildPhases = (
				BAD7A9DC2C3F7CC600B0B3C0 /* Sources */,
				BAD7A9DD2C3F7CC600B0B3C0 /* Frameworks */,
				BAD7A9DE2C3F7CC600B0B3C0 /* Resources */,
			);
			buildRules = (
			);
			dependencies = (
			);
			name = MemoryLeakDemo;
			productName = MemoryLeakDemo;
			productReference = BAD7A9E02C3F7CC600B0B3C0 /* MemoryLeakDemo.app */;
			productType = "com.apple.product-type.application";
		};
/* End PBXNativeTarget section */

/* Begin PBXProject section */
		BAD7A9D82C3F7CC600B0B3C0 /* Project object */ = {
			isa = PBXProject;
			attributes = {
				BuildIndependentTargetsInParallel = 1;
				LastSwiftUpdateCheck = 1540;
				LastUpgradeCheck = 1540;
				TargetAttributes = {
					BAD7A9DF2C3F7CC600B0B3C0 = {
						CreatedOnToolsVersion = 15.4;
					};
				};
			};
			buildConfigurationList = BAD7A9DB2C3F7CC600B0B3C0 /* Build configuration list for PBXProject "MemoryLeakDemo" */;
			compatibilityVersion = "Xcode 14.0";
			developmentRegion = en;
			hasScannedForEncodings = 0;
			knownRegions = (
				en,
				Base,
			);
			mainGroup = BAD7A9D72C3F7CC600B0B3C0;
			productRefGroup = BAD7A9E12C3F7CC600B0B3C0 /* Products */;
			projectDirPath = "";
			projectRoot = "";
			targets = (
				BAD7A9DF2C3F7CC600B0B3C0 /* MemoryLeakDemo */,
			);
		};
/* End PBXProject section */

/* Begin PBXResourcesBuildPhase section */
		BAD7A9DE2C3F7CC600B0B3C0 /* Resources */ = {
			isa = PBXResourcesBuildPhase;
			buildActionMask = 2147483647;
			files = (
				BAD7A9ED2C3F7CC700B0B3C0 /* Assets.xcassets in Resources */,
				BAD7A9F02C3F7CC700B0B3C0 /* Base in Resources */,
				BAD7A9EB2C3F7CC600B0B3C0 /* Base in Resources */,
			);
			runOnlyForDeploymentPostprocessing = 0;
		};
/* End PBXResourcesBuildPhase section */

/* Begin PBXSourcesBuildPhase section */
		BAD7A9DC2C3F7CC600B0B3C0 /* Sources */ = {
			isa = PBXSourcesBuildPhase;
			buildActionMask = 2147483647;
			files = (
				BAD7A9E82C3F7CC600B0B3C0 /* ViewController.swift in Sources */,
				BAD7A9E42C3F7CC600B0B3C0 /* AppDelegate.swift in Sources */,
				BAD7A9E62C3F7CC600B0B3C0 /* SceneDelegate.swift in Sources */,
				BAD7A9F82C3F800E00B0B3C0 /* ServerClient.swift in Sources */,
			);
			runOnlyForDeploymentPostprocessing = 0;
		};
/* End PBXSourcesBuildPhase section */

/* Begin PBXVariantGroup section */
		BAD7A9E92C3F7CC600B0B3C0 /* Main.storyboard */ = {
			isa = PBXVariantGroup;
			children = (
				BAD7A9EA2C3F7CC600B0B3C0 /* Base */,
			);
			name = Main.storyboard;
			sourceTree = "<group>";
		};
		BAD7A9EE2C3F7CC700B0B3C0 /* LaunchScreen.storyboard */ = {
			isa = PBXVariantGroup;
			children = (
				BAD7A9EF2C3F7CC700B0B3C0 /* Base */,
			);
			name = LaunchScreen.storyboard;
			sourceTree = "<group>";
		};
/* End PBXVariantGroup section */

/* Begin XCBuildConfiguration section */
		BAD7A9F22C3F7CC700B0B3C0 /* Debug */ = {
			isa = XCBuildConfiguration;
			buildSettings = {
				ALWAYS_SEARCH_USER_PATHS = NO;
				ASSETCATALOG_COMPILER_GENERATE_SWIFT_ASSET_SYMBOL_EXTENSIONS = YES;
				CLANG_ANALYZER_NONNULL = YES;
				CLANG_ANALYZER_NUMBER_OBJECT_CONVERSION = YES_AGGRESSIVE;
				CLANG_CXX_LANGUAGE_STANDARD = "gnu++20";
				CLANG_ENABLE_MODULES = YES;
				CLANG_ENABLE_OBJC_ARC = YES;
				CLANG_ENABLE_OBJC_WEAK = YES;
				CLANG_WARN_BLOCK_CAPTURE_AUTORELEASING = YES;
				CLANG_WARN_BOOL_CONVERSION = YES;
				CLANG_WARN_COMMA = YES;
				CLANG_WARN_CONSTANT_CONVERSION = YES;
				CLANG_WARN_DEPRECATED_OBJC_IMPLEMENTATIONS = YES;
				CLANG_WARN_DIRECT_OBJC_ISA_USAGE = YES_ERROR;
				CLANG_WARN_DOCUMENTATION_COMMENTS = YES;
				CLANG_WARN_EMPTY_BODY = YES;
				CLANG_WARN_ENUM_CONVERSION = YES;
				CLANG_WARN_INFINITE_RECURSION = YES;
				CLANG_WARN_INT_CONVERSION = YES;
				CLANG_WARN_NON_LITERAL_NULL_CONVERSION = YES;
				CLANG_WARN_OBJC_IMPLICIT_RETAIN_SELF = YES;
				CLANG_WARN_OBJC_LITERAL_CONVERSION = YES;
				CLANG_WARN_OBJC_ROOT_CLASS = YES_ERROR;
				CLANG_WARN_QUOTED_INCLUDE_IN_FRAMEWORK_HEADER = YES;
				CLANG_WARN_RANGE_LOOP_ANALYSIS = YES;
				CLANG_WARN_STRICT_PROTOTYPES = YES;
				CLANG_WARN_SUSPICIOUS_MOVE = YES;
				CLANG_WARN_UNGUARDED_AVAILABILITY = YES_AGGRESSIVE;
				CLANG_WARN_UNREACHABLE_CODE = YES;
				CLANG_WARN__DUPLICATE_METHOD_MATCH = YES;
				COPY_PHASE_STRIP = NO;
				DEBUG_INFORMATION_FORMAT = dwarf;
				ENABLE_STRICT_OBJC_MSGSEND = YES;
				ENABLE_TESTABILITY = YES;
				ENABLE_USER_SCRIPT_SANDBOXING = YES;
				GCC_C_LANGUAGE_STANDARD = gnu17;
				GCC_DYNAMIC_NO_PIC = NO;
				GCC_NO_COMMON_BLOCKS = YES;
				GCC_OPTIMIZATION_LEVEL = 0;
				GCC_PREPROCESSOR_DEFINITIONS = (
					"DEBUG=1",
					"$(inherited)",
				);
				GCC_WARN_64_TO_32_BIT_CONVERSION = YES;
				GCC_WARN_ABOUT_RETURN_TYPE = YES_ERROR;
				GCC_WARN_UNDECLARED_SELECTOR = YES;
				GCC_WARN_UNINITIALIZED_AUTOS = YES_AGGRESSIVE;
				GCC_WARN_UNUSED_FUNCTION = YES;
				GCC_WARN_UNUSED_VARIABLE = YES;
				IPHONEOS_DEPLOYMENT_TARGET = 17.5;
				LOCALIZATION_PREFERS_STRING_CATALOGS = YES;
				MTL_ENABLE_DEBUG_INFO = INCLUDE_SOURCE;
				MTL_FAST_MATH = YES;
				ONLY_ACTIVE_ARCH = YES;
				SDKROOT = iphoneos;
				SWIFT_ACTIVE_COMPILATION_CONDITIONS = "DEBUG $(inherited)";
				SWIFT_OPTIMIZATION_LEVEL = "-Onone";
			};
			name = Debug;
		};
		BAD7A9F32C3F7CC700B0B3C0 /* Release */ = {
			isa = XCBuildConfiguration;
			buildSettings = {
				ALWAYS_SEARCH_USER_PATHS = NO;
				ASSETCATALOG_COMPILER_GENERATE_SWIFT_ASSET_SYMBOL_EXTENSIONS = YES;
				CLANG_ANALYZER_NONNULL = YES;
				CLANG_ANALYZER_NUMBER_OBJECT_CONVERSION = YES_AGGRESSIVE;
				CLANG_CXX_LANGUAGE_STANDARD = "gnu++20";
				CLANG_ENABLE_MODULES = YES;
				CLANG_ENABLE_OBJC_ARC = YES;
				CLANG_ENABLE_OBJC_WEAK = YES;
				CLANG_WARN_BLOCK_CAPTURE_AUTORELEASING = YES;
				CLANG_WARN_BOOL_CONVERSION = YES;
				CLANG_WARN_COMMA = YES;
				CLANG_WARN_CONSTANT_CONVERSION = YES;
				CLANG_WARN_DEPRECATED_OBJC_IMPLEMENTATIONS = YES;
				CLANG_WARN_DIRECT_OBJC_ISA_USAGE = YES_ERROR;
				CLANG_WARN_DOCUMENTATION_COMMENTS = YES;
				CLANG_WARN_EMPTY_BODY = YES;
				CLANG_WARN_ENUM_CONVERSION = YES;
				CLANG_WARN_INFINITE_RECURSION = YES;
				CLANG_WARN_INT_CONVERSION = YES;
				CLANG_WARN_NON_LITERAL_NULL_CONVERSION = YES;
				CLANG_WARN_OBJC_IMPLICIT_RETAIN_SELF = YES;
				CLANG_WARN_OBJC_LITERAL_CONVERSION = YES;
				CLANG_WARN_OBJC_ROOT_CLASS = YES_ERROR;
				CLANG_WARN_QUOTED_INCLUDE_IN_FRAMEWORK_HEADER = YES;
				CLANG_WARN_RANGE_LOOP_ANALYSIS = YES;
				CLANG_WARN_STRICT_PROTOTYPES = YES;
				CLANG_WARN_SUSPICIOUS_MOVE = YES;
				CLANG_WARN_UNGUARDED_AVAILABILITY = YES_AGGRESSIVE;
				CLANG_WARN_UNREACHABLE_CODE = YES;
				CLANG_WARN__DUPLICATE_METHOD_MATCH = YES;
				COPY_PHASE_STRIP = NO;
				DEBUG_INFORMATION_FORMAT = "dwarf-with-dsym";
				ENABLE_NS_ASSERTIONS = NO;
				ENABLE_STRICT_OBJC_MSGSEND = YES;
				ENABLE_USER_SCRIPT_SANDBOXING = YES;
				GCC_C_LANGUAGE_STANDARD = gnu17;
				GCC_NO_COMMON_BLOCKS = YES;
				GCC_WARN_64_TO_32_BIT_CONVERSION = YES;
				GCC_WARN_ABOUT_RETURN_TYPE = YES_ERROR;
				GCC_WARN_UNDECLARED_SELECTOR = YES;
				GCC_WARN_UNINITIALIZED_AUTOS = YES_AGGRESSIVE;
				GCC_WARN_UNUSED_FUNCTION = YES;
				GCC_WARN_UNUSED_VARIABLE = YES;
				IPHONEOS_DEPLOYMENT_TARGET = 17.5;
				LOCALIZATION_PREFERS_STRING_CATALOGS = YES;
				MTL_ENABLE_DEBUG_INFO = NO;
				MTL_FAST_MATH = YES;
				SDKROOT = iphoneos;
				SWIFT_COMPILATION_MODE = wholemodule;
				VALIDATE_PRODUCT = YES;
			};
			name = Release;
		};
		BAD7A9F52C3F7CC700B0B3C0 /* Debug */ = {
			isa = XCBuildConfiguration;
			buildSettings = {
				ASSETCATALOG_COMPILER_APPICON_NAME = AppIcon;
				ASSETCATALOG_COMPILER_GLOBAL_ACCENT_COLOR_NAME = AccentColor;
				CODE_SIGN_STYLE = Automatic;
				CURRENT_PROJECT_VERSION = 1;
				DEVELOPMENT_TEAM = XSVW22JPST;
				GENERATE_INFOPLIST_FILE = YES;
				INFOPLIST_FILE = MemoryLeakDemo/Info.plist;
				INFOPLIST_KEY_UIApplicationSupportsIndirectInputEvents = YES;
				INFOPLIST_KEY_UILaunchStoryboardName = LaunchScreen;
				INFOPLIST_KEY_UIMainStoryboardFile = Main;
				INFOPLIST_KEY_UISupportedInterfaceOrientations_iPad = "UIInterfaceOrientationPortrait UIInterfaceOrientationPortraitUpsideDown UIInterfaceOrientationLandscapeLeft UIInterfaceOrientationLandscapeRight";
				INFOPLIST_KEY_UISupportedInterfaceOrientations_iPhone = "UIInterfaceOrientationPortrait UIInterfaceOrientationLandscapeLeft UIInterfaceOrientationLandscapeRight";
				LD_RUNPATH_SEARCH_PATHS = (
					"$(inherited)",
					"@executable_path/Frameworks",
				);
				MARKETING_VERSION = 1.0;
				PRODUCT_BUNDLE_IDENTIFIER = idv.sjw.MemoryLeakDemo;
				PRODUCT_NAME = "$(TARGET_NAME)";
				SWIFT_EMIT_LOC_STRINGS = YES;
				SWIFT_VERSION = 5.0;
				TARGETED_DEVICE_FAMILY = "1,2";
			};
			name = Debug;
		};
		BAD7A9F62C3F7CC700B0B3C0 /* Release */ = {
			isa = XCBuildConfiguration;
			buildSettings = {
				ASSETCATALOG_COMPILER_APPICON_NAME = AppIcon;
				ASSETCATALOG_COMPILER_GLOBAL_ACCENT_COLOR_NAME = AccentColor;
				CODE_SIGN_STYLE = Automatic;
				CURRENT_PROJECT_VERSION = 1;
				DEVELOPMENT_TEAM = XSVW22JPST;
				GENERATE_INFOPLIST_FILE = YES;
				INFOPLIST_FILE = MemoryLeakDemo/Info.plist;
				INFOPLIST_KEY_UIApplicationSupportsIndirectInputEvents = YES;
				INFOPLIST_KEY_UILaunchStoryboardName = LaunchScreen;
				INFOPLIST_KEY_UIMainStoryboardFile = Main;
				INFOPLIST_KEY_UISupportedInterfaceOrientations_iPad = "UIInterfaceOrientationPortrait UIInterfaceOrientationPortraitUpsideDown UIInterfaceOrientationLandscapeLeft UIInterfaceOrientationLandscapeRight";
				INFOPLIST_KEY_UISupportedInterfaceOrientations_iPhone = "UIInterfaceOrientationPortrait UIInterfaceOrientationLandscapeLeft UIInterfaceOrientationLandscapeRight";
				LD_RUNPATH_SEARCH_PATHS = (
					"$(inherited)",
					"@executable_path/Frameworks",
				);
				MARKETING_VERSION = 1.0;
				PRODUCT_BUNDLE_IDENTIFIER = idv.sjw.MemoryLeakDemo;
				PRODUCT_NAME = "$(TARGET_NAME)";
				SWIFT_EMIT_LOC_STRINGS = YES;
				SWIFT_VERSION = 5.0;
				TARGETED_DEVICE_FAMILY = "1,2";
			};
			name = Release;
		};
/* End XCBuildConfiguration section */

/* Begin XCConfigurationList section */
		BAD7A9DB2C3F7CC600B0B3C0 /* Build configuration list for PBXProject "MemoryLeakDemo" */ = {
			isa = XCConfigurationList;
			buildConfigurations = (
				BAD7A9F22C3F7CC700B0B3C0 /* Debug */,
				BAD7A9F32C3F7CC700B0B3C0 /* Release */,
			);
			defaultConfigurationIsVisible = 0;
			defaultConfigurationName = Release;
		};
		BAD7A9F42C3F7CC700B0B3C0 /* Build configuration list for PBXNativeTarget "MemoryLeakDemo" */ = {
			isa = XCConfigurationList;
			buildConfigurations = (
				BAD7A9F52C3F7CC700B0B3C0 /* Debug */,
				BAD7A9F62C3F7CC700B0B3C0 /* Release */,
			);
			defaultConfigurationIsVisible = 0;
			defaultConfigurationName = Release;
		};
/* End XCConfigurationList section */
	};
	rootObject = BAD7A9D82C3F7CC600B0B3C0 /* Project object */;
}
